
Microsoft Visual Studio Solution File, Format Version 12.00
# Visual Studio Version 16
VisualStudioVersion = 16.0.30611.23
MinimumVisualStudioVersion = 10.0.40219.1
Project("{8BC9CEB8-8B4A-11D0-8D11-00A0C91BC942}") = "Übung_1_1", "Übung_1_1\Übung_1_1.vcxproj", "{15FB8D1D-CAE9-4A76-9C6C-D0C44E609ACD}"
EndProject
Project("{8BC9CEB8-8B4A-11D0-8D11-00A0C91BC942}") = "Übung_1_2", "Übung_1_2\Übung_1_2.vcxproj", "{6EC8D241-6FCD-4145-BF77-748A740722DB}"
EndProject
Project("{8BC9CEB8-8B4A-11D0-8D11-00A0C91BC942}") = "Übung_2_1", "Übung_2_1\Übung_2_1.vcxproj", "{4359DE94-0356-4C71-9949-1C695CAC6D95}"
EndProject
Project("{8BC9CEB8-8B4A-11D0-8D11-00A0C91BC942}") = "Übung_2_2", "Übung_2_2\Übung_2_2.vcxproj", "{7AA888E9-80A3-425C-BF0F-257293E34D49}"
EndProject
Project("{8BC9CEB8-8B4A-11D0-8D11-00A0C91BC942}") = "Übung_3_1", "Übung_3_1\Übung_3_1.vcxproj", "{42672273-BCBE-45DE-BC30-176344CDBD27}"
EndProject
Project("{8BC9CEB8-8B4A-11D0-8D11-00A0C91BC942}") = "Übung_3_2", "Übung_3_2\Übung_3_2.vcxproj", "{2534CA0B-2FA1-42AB-B292-CD64FD3031EB}"
EndProject
Project("{8BC9CEB8-8B4A-11D0-8D11-00A0C91BC942}") = "Übung_3_3", "Übung_3_3\Übung_3_3.vcxproj", "{C15B10EF-E56D-40B9-9DBF-7A7A91DC40DF}"
EndProject
Project("{8BC9CEB8-8B4A-11D0-8D11-00A0C91BC942}") = "Vorlesung Gruppe", "Vorlesung Gruppe\Vorlesung Gruppe.vcxproj", "{B4F33DEC-2D01-44DB-B6B7-8722CC3C834E}"
EndProject
Project("{8BC9CEB8-8B4A-11D0-8D11-00A0C91BC942}") = "Vorlesung Gruppe 2", "Vorlesung Gruppe 2\Vorlesung Gruppe 2.vcxproj", "{1B792586-33CD-42F1-ACB0-C3C79B6D8637}"
EndProject
Project("{8BC9CEB8-8B4A-11D0-8D11-00A0C91BC942}") = "Übung_4_1", "Übung_4_1\Übung_4_1.vcxproj", "{3C5A3FC3-B705-4A8F-B3FE-6592B0AAB00C}"
EndProject
Project("{8BC9CEB8-8B4A-11D0-8D11-00A0C91BC942}") = "Übung_4_2", "Übung_4_2\Übung_4_2.vcxproj", "{63EE4B6C-8747-4F8E-B638-B089C8DA4161}"
EndProject
Project("{8BC9CEB8-8B4A-11D0-8D11-00A0C91BC942}") = "Übung_4_3", "Übung_4_3\Übung_4_3.vcxproj", "{A6262942-4591-4E9D-947F-155965570D53}"
EndProject
Project("{8BC9CEB8-8B4A-11D0-8D11-00A0C91BC942}") = "Übung_5_1", "Übung_5_1\Übung_5_1.vcxproj", "{7360CAA5-A5CE-4478-8648-0DFE133728B2}"
EndProject
Project("{8BC9CEB8-8B4A-11D0-8D11-00A0C91BC942}") = "Übung_5_2", "Übung_5_2\Übung_5_2.vcxproj", "{BB854BD8-0D47-41CF-9F40-15A966B54EB6}"
EndProject
Project("{8BC9CEB8-8B4A-11D0-8D11-00A0C91BC942}") = "Übung_5_3", "Übungen_5_3\Übungen_5_3.vcxproj", "{912409E9-D280-4016-9678-18045E965ED0}"
EndProject
Project("{8BC9CEB8-8B4A-11D0-8D11-00A0C91BC942}") = "GE-Zoom", "GE-Zoom\GE-Zoom.vcxproj", "{C5D51EDC-21A2-4855-96B2-B79BB4D85282}"
EndProject
Project("{8BC9CEB8-8B4A-11D0-8D11-00A0C91BC942}") = "Übung_6_1", "Übung_6_1\Übung_6_1.vcxproj", "{2975A31A-D1B8-42DF-8D36-B1953A467F18}"
EndProject
Project("{8BC9CEB8-8B4A-11D0-8D11-00A0C91BC942}") = "Übung_6_2", "Übung_6_2\Übung_6_2.vcxproj", "{EC321E32-1B8C-4819-A91E-061DAF791923}"
EndProject
Global
	GlobalSection(SolutionConfigurationPlatforms) = preSolution
		Debug|x64 = Debug|x64
		Debug|x86 = Debug|x86
		Release|x64 = Release|x64
		Release|x86 = Release|x86
	EndGlobalSection
	GlobalSection(ProjectConfigurationPlatforms) = postSolution
		{15FB8D1D-CAE9-4A76-9C6C-D0C44E609ACD}.Debug|x64.ActiveCfg = Debug|x64
		{15FB8D1D-CAE9-4A76-9C6C-D0C44E609ACD}.Debug|x64.Build.0 = Debug|x64
		{15FB8D1D-CAE9-4A76-9C6C-D0C44E609ACD}.Debug|x86.ActiveCfg = Debug|Win32
		{15FB8D1D-CAE9-4A76-9C6C-D0C44E609ACD}.Debug|x86.Build.0 = Debug|Win32
		{15FB8D1D-CAE9-4A76-9C6C-D0C44E609ACD}.Release|x64.ActiveCfg = Release|x64
		{15FB8D1D-CAE9-4A76-9C6C-D0C44E609ACD}.Release|x64.Build.0 = Release|x64
		{15FB8D1D-CAE9-4A76-9C6C-D0C44E609ACD}.Release|x86.ActiveCfg = Release|Win32
		{15FB8D1D-CAE9-4A76-9C6C-D0C44E609ACD}.Release|x86.Build.0 = Release|Win32
		{6EC8D241-6FCD-4145-BF77-748A740722DB}.Debug|x64.ActiveCfg = Debug|x64
		{6EC8D241-6FCD-4145-BF77-748A740722DB}.Debug|x64.Build.0 = Debug|x64
		{6EC8D241-6FCD-4145-BF77-748A740722DB}.Debug|x86.ActiveCfg = Debug|Win32
		{6EC8D241-6FCD-4145-BF77-748A740722DB}.Debug|x86.Build.0 = Debug|Win32
		{6EC8D241-6FCD-4145-BF77-748A740722DB}.Release|x64.ActiveCfg = Release|x64
		{6EC8D241-6FCD-4145-BF77-748A740722DB}.Release|x64.Build.0 = Release|x64
		{6EC8D241-6FCD-4145-BF77-748A740722DB}.Release|x86.ActiveCfg = Release|Win32
		{6EC8D241-6FCD-4145-BF77-748A740722DB}.Release|x86.Build.0 = Release|Win32
		{4359DE94-0356-4C71-9949-1C695CAC6D95}.Debug|x64.ActiveCfg = Debug|x64
		{4359DE94-0356-4C71-9949-1C695CAC6D95}.Debug|x64.Build.0 = Debug|x64
		{4359DE94-0356-4C71-9949-1C695CAC6D95}.Debug|x86.ActiveCfg = Debug|Win32
		{4359DE94-0356-4C71-9949-1C695CAC6D95}.Debug|x86.Build.0 = Debug|Win32
		{4359DE94-0356-4C71-9949-1C695CAC6D95}.Release|x64.ActiveCfg = Release|x64
		{4359DE94-0356-4C71-9949-1C695CAC6D95}.Release|x64.Build.0 = Release|x64
		{4359DE94-0356-4C71-9949-1C695CAC6D95}.Release|x86.ActiveCfg = Release|Win32
		{4359DE94-0356-4C71-9949-1C695CAC6D95}.Release|x86.Build.0 = Release|Win32
		{7AA888E9-80A3-425C-BF0F-257293E34D49}.Debug|x64.ActiveCfg = Debug|x64
		{7AA888E9-80A3-425C-BF0F-257293E34D49}.Debug|x64.Build.0 = Debug|x64
		{7AA888E9-80A3-425C-BF0F-257293E34D49}.Debug|x86.ActiveCfg = Debug|Win32
		{7AA888E9-80A3-425C-BF0F-257293E34D49}.Debug|x86.Build.0 = Debug|Win32
		{7AA888E9-80A3-425C-BF0F-257293E34D49}.Release|x64.ActiveCfg = Release|x64
		{7AA888E9-80A3-425C-BF0F-257293E34D49}.Release|x64.Build.0 = Release|x64
		{7AA888E9-80A3-425C-BF0F-257293E34D49}.Release|x86.ActiveCfg = Release|Win32
		{7AA888E9-80A3-425C-BF0F-257293E34D49}.Release|x86.Build.0 = Release|Win32
		{42672273-BCBE-45DE-BC30-176344CDBD27}.Debug|x64.ActiveCfg = Debug|x64
		{42672273-BCBE-45DE-BC30-176344CDBD27}.Debug|x64.Build.0 = Debug|x64
		{42672273-BCBE-45DE-BC30-176344CDBD27}.Debug|x86.ActiveCfg = Debug|Win32
		{42672273-BCBE-45DE-BC30-176344CDBD27}.Debug|x86.Build.0 = Debug|Win32
		{42672273-BCBE-45DE-BC30-176344CDBD27}.Release|x64.ActiveCfg = Release|x64
		{42672273-BCBE-45DE-BC30-176344CDBD27}.Release|x64.Build.0 = Release|x64
		{42672273-BCBE-45DE-BC30-176344CDBD27}.Release|x86.ActiveCfg = Release|Win32
		{42672273-BCBE-45DE-BC30-176344CDBD27}.Release|x86.Build.0 = Release|Win32
		{2534CA0B-2FA1-42AB-B292-CD64FD3031EB}.Debug|x64.ActiveCfg = Debug|x64
		{2534CA0B-2FA1-42AB-B292-CD64FD3031EB}.Debug|x64.Build.0 = Debug|x64
		{2534CA0B-2FA1-42AB-B292-CD64FD3031EB}.Debug|x86.ActiveCfg = Debug|Win32
		{2534CA0B-2FA1-42AB-B292-CD64FD3031EB}.Debug|x86.Build.0 = Debug|Win32
		{2534CA0B-2FA1-42AB-B292-CD64FD3031EB}.Release|x64.ActiveCfg = Release|x64
		{2534CA0B-2FA1-42AB-B292-CD64FD3031EB}.Release|x64.Build.0 = Release|x64
		{2534CA0B-2FA1-42AB-B292-CD64FD3031EB}.Release|x86.ActiveCfg = Release|Win32
		{2534CA0B-2FA1-42AB-B292-CD64FD3031EB}.Release|x86.Build.0 = Release|Win32
		{C15B10EF-E56D-40B9-9DBF-7A7A91DC40DF}.Debug|x64.ActiveCfg = Debug|x64
		{C15B10EF-E56D-40B9-9DBF-7A7A91DC40DF}.Debug|x64.Build.0 = Debug|x64
		{C15B10EF-E56D-40B9-9DBF-7A7A91DC40DF}.Debug|x86.ActiveCfg = Debug|Win32
		{C15B10EF-E56D-40B9-9DBF-7A7A91DC40DF}.Debug|x86.Build.0 = Debug|Win32
		{C15B10EF-E56D-40B9-9DBF-7A7A91DC40DF}.Release|x64.ActiveCfg = Release|x64
		{C15B10EF-E56D-40B9-9DBF-7A7A91DC40DF}.Release|x64.Build.0 = Release|x64
		{C15B10EF-E56D-40B9-9DBF-7A7A91DC40DF}.Release|x86.ActiveCfg = Release|Win32
		{C15B10EF-E56D-40B9-9DBF-7A7A91DC40DF}.Release|x86.Build.0 = Release|Win32
		{B4F33DEC-2D01-44DB-B6B7-8722CC3C834E}.Debug|x64.ActiveCfg = Debug|x64
		{B4F33DEC-2D01-44DB-B6B7-8722CC3C834E}.Debug|x64.Build.0 = Debug|x64
		{B4F33DEC-2D01-44DB-B6B7-8722CC3C834E}.Debug|x86.ActiveCfg = Debug|Win32
		{B4F33DEC-2D01-44DB-B6B7-8722CC3C834E}.Debug|x86.Build.0 = Debug|Win32
		{B4F33DEC-2D01-44DB-B6B7-8722CC3C834E}.Release|x64.ActiveCfg = Release|x64
		{B4F33DEC-2D01-44DB-B6B7-8722CC3C834E}.Release|x64.Build.0 = Release|x64
		{B4F33DEC-2D01-44DB-B6B7-8722CC3C834E}.Release|x86.ActiveCfg = Release|Win32
		{B4F33DEC-2D01-44DB-B6B7-8722CC3C834E}.Release|x86.Build.0 = Release|Win32
		{1B792586-33CD-42F1-ACB0-C3C79B6D8637}.Debug|x64.ActiveCfg = Debug|x64
		{1B792586-33CD-42F1-ACB0-C3C79B6D8637}.Debug|x64.Build.0 = Debug|x64
		{1B792586-33CD-42F1-ACB0-C3C79B6D8637}.Debug|x86.ActiveCfg = Debug|Win32
		{1B792586-33CD-42F1-ACB0-C3C79B6D8637}.Debug|x86.Build.0 = Debug|Win32
		{1B792586-33CD-42F1-ACB0-C3C79B6D8637}.Release|x64.ActiveCfg = Release|x64
		{1B792586-33CD-42F1-ACB0-C3C79B6D8637}.Release|x64.Build.0 = Release|x64
		{1B792586-33CD-42F1-ACB0-C3C79B6D8637}.Release|x86.ActiveCfg = Release|Win32
		{1B792586-33CD-42F1-ACB0-C3C79B6D8637}.Release|x86.Build.0 = Release|Win32
		{3C5A3FC3-B705-4A8F-B3FE-6592B0AAB00C}.Debug|x64.ActiveCfg = Debug|x64
		{3C5A3FC3-B705-4A8F-B3FE-6592B0AAB00C}.Debug|x64.Build.0 = Debug|x64
		{3C5A3FC3-B705-4A8F-B3FE-6592B0AAB00C}.Debug|x86.ActiveCfg = Debug|Win32
		{3C5A3FC3-B705-4A8F-B3FE-6592B0AAB00C}.Debug|x86.Build.0 = Debug|Win32
		{3C5A3FC3-B705-4A8F-B3FE-6592B0AAB00C}.Release|x64.ActiveCfg = Release|x64
		{3C5A3FC3-B705-4A8F-B3FE-6592B0AAB00C}.Release|x64.Build.0 = Release|x64
		{3C5A3FC3-B705-4A8F-B3FE-6592B0AAB00C}.Release|x86.ActiveCfg = Release|Win32
		{3C5A3FC3-B705-4A8F-B3FE-6592B0AAB00C}.Release|x86.Build.0 = Release|Win32
		{63EE4B6C-8747-4F8E-B638-B089C8DA4161}.Debug|x64.ActiveCfg = Debug|x64
		{63EE4B6C-8747-4F8E-B638-B089C8DA4161}.Debug|x64.Build.0 = Debug|x64
		{63EE4B6C-8747-4F8E-B638-B089C8DA4161}.Debug|x86.ActiveCfg = Debug|Win32
		{63EE4B6C-8747-4F8E-B638-B089C8DA4161}.Debug|x86.Build.0 = Debug|Win32
		{63EE4B6C-8747-4F8E-B638-B089C8DA4161}.Release|x64.ActiveCfg = Release|x64
		{63EE4B6C-8747-4F8E-B638-B089C8DA4161}.Release|x64.Build.0 = Release|x64
		{63EE4B6C-8747-4F8E-B638-B089C8DA4161}.Release|x86.ActiveCfg = Release|Win32
		{63EE4B6C-8747-4F8E-B638-B089C8DA4161}.Release|x86.Build.0 = Release|Win32
		{A6262942-4591-4E9D-947F-155965570D53}.Debug|x64.ActiveCfg = Debug|x64
		{A6262942-4591-4E9D-947F-155965570D53}.Debug|x64.Build.0 = Debug|x64
		{A6262942-4591-4E9D-947F-155965570D53}.Debug|x86.ActiveCfg = Debug|Win32
		{A6262942-4591-4E9D-947F-155965570D53}.Debug|x86.Build.0 = Debug|Win32
		{A6262942-4591-4E9D-947F-155965570D53}.Release|x64.ActiveCfg = Release|x64
		{A6262942-4591-4E9D-947F-155965570D53}.Release|x64.Build.0 = Release|x64
		{A6262942-4591-4E9D-947F-155965570D53}.Release|x86.ActiveCfg = Release|Win32
		{A6262942-4591-4E9D-947F-155965570D53}.Release|x86.Build.0 = Release|Win32
		{7360CAA5-A5CE-4478-8648-0DFE133728B2}.Debug|x64.ActiveCfg = Debug|x64
		{7360CAA5-A5CE-4478-8648-0DFE133728B2}.Debug|x64.Build.0 = Debug|x64
		{7360CAA5-A5CE-4478-8648-0DFE133728B2}.Debug|x86.ActiveCfg = Debug|Win32
		{7360CAA5-A5CE-4478-8648-0DFE133728B2}.Debug|x86.Build.0 = Debug|Win32
		{7360CAA5-A5CE-4478-8648-0DFE133728B2}.Release|x64.ActiveCfg = Release|x64
		{7360CAA5-A5CE-4478-8648-0DFE133728B2}.Release|x64.Build.0 = Release|x64
		{7360CAA5-A5CE-4478-8648-0DFE133728B2}.Release|x86.ActiveCfg = Release|Win32
		{7360CAA5-A5CE-4478-8648-0DFE133728B2}.Release|x86.Build.0 = Release|Win32
		{BB854BD8-0D47-41CF-9F40-15A966B54EB6}.Debug|x64.ActiveCfg = Debug|x64
		{BB854BD8-0D47-41CF-9F40-15A966B54EB6}.Debug|x64.Build.0 = Debug|x64
		{BB854BD8-0D47-41CF-9F40-15A966B54EB6}.Debug|x86.ActiveCfg = Debug|Win32
		{BB854BD8-0D47-41CF-9F40-15A966B54EB6}.Debug|x86.Build.0 = Debug|Win32
		{BB854BD8-0D47-41CF-9F40-15A966B54EB6}.Release|x64.ActiveCfg = Release|x64
		{BB854BD8-0D47-41CF-9F40-15A966B54EB6}.Release|x64.Build.0 = Release|x64
		{BB854BD8-0D47-41CF-9F40-15A966B54EB6}.Release|x86.ActiveCfg = Release|Win32
		{BB854BD8-0D47-41CF-9F40-15A966B54EB6}.Release|x86.Build.0 = Release|Win32
		{912409E9-D280-4016-9678-18045E965ED0}.Debug|x64.ActiveCfg = Debug|x64
		{912409E9-D280-4016-9678-18045E965ED0}.Debug|x64.Build.0 = Debug|x64
		{912409E9-D280-4016-9678-18045E965ED0}.Debug|x86.ActiveCfg = Debug|Win32
		{912409E9-D280-4016-9678-18045E965ED0}.Debug|x86.Build.0 = Debug|Win32
		{912409E9-D280-4016-9678-18045E965ED0}.Release|x64.ActiveCfg = Release|x64
		{912409E9-D280-4016-9678-18045E965ED0}.Release|x64.Build.0 = Release|x64
		{912409E9-D280-4016-9678-18045E965ED0}.Release|x86.ActiveCfg = Release|Win32
		{912409E9-D280-4016-9678-18045E965ED0}.Release|x86.Build.0 = Release|Win32
		{C5D51EDC-21A2-4855-96B2-B79BB4D85282}.Debug|x64.ActiveCfg = Debug|x64
		{C5D51EDC-21A2-4855-96B2-B79BB4D85282}.Debug|x64.Build.0 = Debug|x64
		{C5D51EDC-21A2-4855-96B2-B79BB4D85282}.Debug|x86.ActiveCfg = Debug|Win32
		{C5D51EDC-21A2-4855-96B2-B79BB4D85282}.Debug|x86.Build.0 = Debug|Win32
		{C5D51EDC-21A2-4855-96B2-B79BB4D85282}.Release|x64.ActiveCfg = Release|x64
		{C5D51EDC-21A2-4855-96B2-B79BB4D85282}.Release|x64.Build.0 = Release|x64
		{C5D51EDC-21A2-4855-96B2-B79BB4D85282}.Release|x86.ActiveCfg = Release|Win32
		{C5D51EDC-21A2-4855-96B2-B79BB4D85282}.Release|x86.Build.0 = Release|Win32
		{2975A31A-D1B8-42DF-8D36-B1953A467F18}.Debug|x64.ActiveCfg = Debug|x64
		{2975A31A-D1B8-42DF-8D36-B1953A467F18}.Debug|x64.Build.0 = Debug|x64
		{2975A31A-D1B8-42DF-8D36-B1953A467F18}.Debug|x86.ActiveCfg = Debug|Win32
		{2975A31A-D1B8-42DF-8D36-B1953A467F18}.Debug|x86.Build.0 = Debug|Win32
		{2975A31A-D1B8-42DF-8D36-B1953A467F18}.Release|x64.ActiveCfg = Release|x64
		{2975A31A-D1B8-42DF-8D36-B1953A467F18}.Release|x64.Build.0 = Release|x64
		{2975A31A-D1B8-42DF-8D36-B1953A467F18}.Release|x86.ActiveCfg = Release|Win32
		{2975A31A-D1B8-42DF-8D36-B1953A467F18}.Release|x86.Build.0 = Release|Win32
		{EC321E32-1B8C-4819-A91E-061DAF791923}.Debug|x64.ActiveCfg = Debug|x64
		{EC321E32-1B8C-4819-A91E-061DAF791923}.Debug|x64.Build.0 = Debug|x64
		{EC321E32-1B8C-4819-A91E-061DAF791923}.Debug|x86.ActiveCfg = Debug|Win32
		{EC321E32-1B8C-4819-A91E-061DAF791923}.Debug|x86.Build.0 = Debug|Win32
		{EC321E32-1B8C-4819-A91E-061DAF791923}.Release|x64.ActiveCfg = Release|x64
		{EC321E32-1B8C-4819-A91E-061DAF791923}.Release|x64.Build.0 = Release|x64
		{EC321E32-1B8C-4819-A91E-061DAF791923}.Release|x86.ActiveCfg = Release|Win32
		{EC321E32-1B8C-4819-A91E-061DAF791923}.Release|x86.Build.0 = Release|Win32
	EndGlobalSection
	GlobalSection(SolutionProperties) = preSolution
		HideSolutionNode = FALSE
	EndGlobalSection
	GlobalSection(ExtensibilityGlobals) = postSolution
		SolutionGuid = {E5E5526E-584B-44D0-82EE-8F0E654F0612}
	EndGlobalSection
EndGlobal
